
Microsoft Visual Studio Solution File, Format Version 12.00
# Visual Studio 2012
Project("{FAE04EC0-301F-11D3-BF4B-00C04F79EFBC}") = "Hackathon", "Hackathon.csproj", "{469D316A-BD22-411B-9AE1-6388FCEA4567}"
EndProject
Global
	GlobalSection(SolutionConfigurationPlatforms) = preSolution
		Debug|Any CPU = Debug|Any CPU
		Release|Any CPU = Release|Any CPU
	EndGlobalSection
	GlobalSection(ProjectConfigurationPlatforms) = postSolution
		{469D316A-BD22-411B-9AE1-6388FCEA4567}.Debug|Any CPU.ActiveCfg = Debug|Any CPU
		{469D316A-BD22-411B-9AE1-6388FCEA4567}.Debug|Any CPU.Build.0 = Debug|Any CPU
		{469D316A-BD22-411B-9AE1-6388FCEA4567}.Release|Any CPU.ActiveCfg = Release|Any CPU
		{469D316A-BD22-411B-9AE1-6388FCEA4567}.Release|Any CPU.Build.0 = Release|Any CPU
	EndGlobalSection
EndGlobal
